dependencies:
- name: rabbitmq
  repository: oci://registry-1.docker.io/bitnamicharts
  version: 12.1.3
- name: file-service
  repository: file://../file-service
  version: 0.1.1
digest: sha256:6f70c2f949bd77f7dd74434e1dfbe66c707972a9b639661fae5a2bd93b3e23e7
generated: "2023-09-01T13:14:17.827108957Z"
